// !$*UTF8*$!
{
	archiveVersion = 1;
	classes = {
	};
	objectVersion = 50;
	objects = {

/* Begin PBXBuildFile section */
		49F44E8768C8C4D1C26E5CAC /* Pods_PizzaPartyUITests.framework in Frameworks */ = {isa = PBXBuildFile; fileRef = AF2DC8C805D27CA9E4B2687D /* Pods_PizzaPartyUITests.framework */; };
		8DCF147804DD8D0ECEB4B573 /* Pods_PizzaParty.framework in Frameworks */ = {isa = PBXBuildFile; fileRef = CD08AB9ECD4957E3A882F817 /* Pods_PizzaParty.framework */; };
		CE62210415BFDD9D0A8236EB /* Pods_PizzaPartyTests.framework in Frameworks */ = {isa = PBXBuildFile; fileRef = 107F08A869BEB12E0E654731 /* Pods_PizzaPartyTests.framework */; };
		E077058522242DA700E4E62A /* Cart.swift in Sources */ = {isa = PBXBuildFile; fileRef = E077058422242DA700E4E62A /* Cart.swift */; };
		E077058722244CFF00E4E62A /* MenuTableViewController.swift in Sources */ = {isa = PBXBuildFile; fileRef = E077058622244CFF00E4E62A /* MenuTableViewController.swift */; };
		E077058922252F0C00E4E62A /* OrderedItem.swift in Sources */ = {isa = PBXBuildFile; fileRef = E077058822252F0C00E4E62A /* OrderedItem.swift */; };
		E077058B2225487F00E4E62A /* OrderStatus.swift in Sources */ = {isa = PBXBuildFile; fileRef = E077058A2225487F00E4E62A /* OrderStatus.swift */; };
		E077058D222554F900E4E62A /* StatusVC.swift in Sources */ = {isa = PBXBuildFile; fileRef = E077058C222554F900E4E62A /* StatusVC.swift */; };
		E0D0FEE7221D580B00D10BE9 /* AppDelegate.swift in Sources */ = {isa = PBXBuildFile; fileRef = E0D0FEE6221D580B00D10BE9 /* AppDelegate.swift */; };
		E0D0FEEC221D580B00D10BE9 /* Main.storyboard in Resources */ = {isa = PBXBuildFile; fileRef = E0D0FEEA221D580B00D10BE9 /* Main.storyboard */; };
		E0D0FEEE221D580B00D10BE9 /* Assets.xcassets in Resources */ = {isa = PBXBuildFile; fileRef = E0D0FEED221D580B00D10BE9 /* Assets.xcassets */; };
		E0D0FEF1221D580B00D10BE9 /* LaunchScreen.storyboard in Resources */ = {isa = PBXBuildFile; fileRef = E0D0FEEF221D580B00D10BE9 /* LaunchScreen.storyboard */; };
		E0D0FEFC221D580C00D10BE9 /* PizzaPartyTests.swift in Sources */ = {isa = PBXBuildFile; fileRef = E0D0FEFB221D580C00D10BE9 /* PizzaPartyTests.swift */; };
		E0D0FF07221D580C00D10BE9 /* PizzaPartyUITests.swift in Sources */ = {isa = PBXBuildFile; fileRef = E0D0FF06221D580C00D10BE9 /* PizzaPartyUITests.swift */; };
		E0D0FF18221D614700D10BE9 /* ClosestPizzeriaVC.swift in Sources */ = {isa = PBXBuildFile; fileRef = E0D0FF17221D614700D10BE9 /* ClosestPizzeriaVC.swift */; };
		E0D0FF1A221D666A00D10BE9 /* Restaurant.swift in Sources */ = {isa = PBXBuildFile; fileRef = E0D0FF19221D666A00D10BE9 /* Restaurant.swift */; };
		E0D0FF1E221D66B900D10BE9 /* FetchData.swift in Sources */ = {isa = PBXBuildFile; fileRef = E0D0FF1D221D66B900D10BE9 /* FetchData.swift */; };
		E0D0FF20221D671400D10BE9 /* JsonParsing.swift in Sources */ = {isa = PBXBuildFile; fileRef = E0D0FF1F221D671400D10BE9 /* JsonParsing.swift */; };
		E0D0FF22221D675000D10BE9 /* ListOfRestaurants.swift in Sources */ = {isa = PBXBuildFile; fileRef = E0D0FF21221D675000D10BE9 /* ListOfRestaurants.swift */; };
		E0D0FF26221D850200D10BE9 /* MenuItem.swift in Sources */ = {isa = PBXBuildFile; fileRef = E0D0FF25221D850200D10BE9 /* MenuItem.swift */; };
		E0D0FF2E221D9A7200D10BE9 /* Constants.swift in Sources */ = {isa = PBXBuildFile; fileRef = E0D0FF2D221D9A7200D10BE9 /* Constants.swift */; };
		E0D0FF32221DAC6B00D10BE9 /* PizzeriaCell.swift in Sources */ = {isa = PBXBuildFile; fileRef = E0D0FF31221DAC6B00D10BE9 /* PizzeriaCell.swift */; };
		E0D19A522223ECDB00E34F30 /* MenuList.swift in Sources */ = {isa = PBXBuildFile; fileRef = E0D19A512223ECDB00E34F30 /* MenuList.swift */; };
		E0D19A552223F82700E34F30 /* PizzaCell.swift in Sources */ = {isa = PBXBuildFile; fileRef = E0D19A532223F82700E34F30 /* PizzaCell.swift */; };
		E0D19A562223F82700E34F30 /* PizzaCell.xib in Resources */ = {isa = PBXBuildFile; fileRef = E0D19A542223F82700E34F30 /* PizzaCell.xib */; };
		E0D19A592223F86500E34F30 /* MenuItemCell.swift in Sources */ = {isa = PBXBuildFile; fileRef = E0D19A572223F86500E34F30 /* MenuItemCell.swift */; };
		E0D19A5A2223F86500E34F30 /* MenuItemCell.xib in Resources */ = {isa = PBXBuildFile; fileRef = E0D19A582223F86500E34F30 /* MenuItemCell.xib */; };
		E0D19A5C2223F8C900E34F30 /* OrderVC.swift in Sources */ = {isa = PBXBuildFile; fileRef = E0D19A5B2223F8C900E34F30 /* OrderVC.swift */; };
/* End PBXBuildFile section */

/* Begin PBXContainerItemProxy section */
		E0D0FEF8221D580C00D10BE9 /* PBXContainerItemProxy */ = {
			isa = PBXContainerItemProxy;
			containerPortal = E0D0FEDB221D580B00D10BE9 /* Project object */;
			proxyType = 1;
			remoteGlobalIDString = E0D0FEE2221D580B00D10BE9;
			remoteInfo = PizzaParty;
		};
		E0D0FF03221D580C00D10BE9 /* PBXContainerItemProxy */ = {
			isa = PBXContainerItemProxy;
			containerPortal = E0D0FEDB221D580B00D10BE9 /* Project object */;
			proxyType = 1;
			remoteGlobalIDString = E0D0FEE2221D580B00D10BE9;
			remoteInfo = PizzaParty;
		};
/* End PBXContainerItemProxy section */

/* Begin PBXFileReference section */
		00D5AB9844068C022DC4FA64 /* Pods-PizzaParty.release.xcconfig */ = {isa = PBXFileReference; includeInIndex = 1; lastKnownFileType = text.xcconfig; name = "Pods-PizzaParty.release.xcconfig"; path = "Pods/Target Support Files/Pods-PizzaParty/Pods-PizzaParty.release.xcconfig"; sourceTree = "<group>"; };
		07343CFC9BC34B0A0384E29F /* Pods-PizzaPartyTests.debug.xcconfig */ = {isa = PBXFileReference; includeInIndex = 1; lastKnownFileType = text.xcconfig; name = "Pods-PizzaPartyTests.debug.xcconfig"; path = "Pods/Target Support Files/Pods-PizzaPartyTests/Pods-PizzaPartyTests.debug.xcconfig"; sourceTree = "<group>"; };
		107F08A869BEB12E0E654731 /* Pods_PizzaPartyTests.framework */ = {isa = PBXFileReference; explicitFileType = wrapper.framework; includeInIndex = 0; path = Pods_PizzaPartyTests.framework; sourceTree = BUILT_PRODUCTS_DIR; };
		59FC11039149B182B97D2ABA /* Pods-PizzaPartyTests.release.xcconfig */ = {isa = PBXFileReference; includeInIndex = 1; lastKnownFileType = text.xcconfig; name = "Pods-PizzaPartyTests.release.xcconfig"; path = "Pods/Target Support Files/Pods-PizzaPartyTests/Pods-PizzaPartyTests.release.xcconfig"; sourceTree = "<group>"; };
		873AD317503EDA3C16DB758C /* Pods-PizzaPartyUITests.release.xcconfig */ = {isa = PBXFileReference; includeInIndex = 1; lastKnownFileType = text.xcconfig; name = "Pods-PizzaPartyUITests.release.xcconfig"; path = "Pods/Target Support Files/Pods-PizzaPartyUITests/Pods-PizzaPartyUITests.release.xcconfig"; sourceTree = "<group>"; };
		943E74F23ECBC9577AFB3F58 /* Pods-PizzaParty.debug.xcconfig */ = {isa = PBXFileReference; includeInIndex = 1; lastKnownFileType = text.xcconfig; name = "Pods-PizzaParty.debug.xcconfig"; path = "Pods/Target Support Files/Pods-PizzaParty/Pods-PizzaParty.debug.xcconfig"; sourceTree = "<group>"; };
		AF2DC8C805D27CA9E4B2687D /* Pods_PizzaPartyUITests.framework */ = {isa = PBXFileReference; explicitFileType = wrapper.framework; includeInIndex = 0; path = Pods_PizzaPartyUITests.framework; sourceTree = BUILT_PRODUCTS_DIR; };
		CD08AB9ECD4957E3A882F817 /* Pods_PizzaParty.framework */ = {isa = PBXFileReference; explicitFileType = wrapper.framework; includeInIndex = 0; path = Pods_PizzaParty.framework; sourceTree = BUILT_PRODUCTS_DIR; };
		E077058422242DA700E4E62A /* Cart.swift */ = {isa = PBXFileReference; lastKnownFileType = sourcecode.swift; path = Cart.swift; sourceTree = "<group>"; };
		E077058622244CFF00E4E62A /* MenuTableViewController.swift */ = {isa = PBXFileReference; lastKnownFileType = sourcecode.swift; path = MenuTableViewController.swift; sourceTree = "<group>"; };
		E077058822252F0C00E4E62A /* OrderedItem.swift */ = {isa = PBXFileReference; lastKnownFileType = sourcecode.swift; path = OrderedItem.swift; sourceTree = "<group>"; };
		E077058A2225487F00E4E62A /* OrderStatus.swift */ = {isa = PBXFileReference; lastKnownFileType = sourcecode.swift; path = OrderStatus.swift; sourceTree = "<group>"; };
		E077058C222554F900E4E62A /* StatusVC.swift */ = {isa = PBXFileReference; lastKnownFileType = sourcecode.swift; path = StatusVC.swift; sourceTree = "<group>"; };
		E0D0FEE3221D580B00D10BE9 /* PizzaParty.app */ = {isa = PBXFileReference; explicitFileType = wrapper.application; includeInIndex = 0; path = PizzaParty.app; sourceTree = BUILT_PRODUCTS_DIR; };
		E0D0FEE6221D580B00D10BE9 /* AppDelegate.swift */ = {isa = PBXFileReference; lastKnownFileType = sourcecode.swift; path = AppDelegate.swift; sourceTree = "<group>"; };
		E0D0FEEB221D580B00D10BE9 /* Base */ = {isa = PBXFileReference; lastKnownFileType = file.storyboard; name = Base; path = Base.lproj/Main.storyboard; sourceTree = "<group>"; };
		E0D0FEED221D580B00D10BE9 /* Assets.xcassets */ = {isa = PBXFileReference; lastKnownFileType = folder.assetcatalog; path = Assets.xcassets; sourceTree = "<group>"; };
		E0D0FEF0221D580B00D10BE9 /* Base */ = {isa = PBXFileReference; lastKnownFileType = file.storyboard; name = Base; path = Base.lproj/LaunchScreen.storyboard; sourceTree = "<group>"; };
		E0D0FEF2221D580B00D10BE9 /* Info.plist */ = {isa = PBXFileReference; lastKnownFileType = text.plist.xml; path = Info.plist; sourceTree = "<group>"; };
		E0D0FEF7221D580C00D10BE9 /* PizzaPartyTests.xctest */ = {isa = PBXFileReference; explicitFileType = wrapper.cfbundle; includeInIndex = 0; path = PizzaPartyTests.xctest; sourceTree = BUILT_PRODUCTS_DIR; };
		E0D0FEFB221D580C00D10BE9 /* PizzaPartyTests.swift */ = {isa = PBXFileReference; lastKnownFileType = sourcecode.swift; path = PizzaPartyTests.swift; sourceTree = "<group>"; };
		E0D0FEFD221D580C00D10BE9 /* Info.plist */ = {isa = PBXFileReference; lastKnownFileType = text.plist.xml; path = Info.plist; sourceTree = "<group>"; };
		E0D0FF02221D580C00D10BE9 /* PizzaPartyUITests.xctest */ = {isa = PBXFileReference; explicitFileType = wrapper.cfbundle; includeInIndex = 0; path = PizzaPartyUITests.xctest; sourceTree = BUILT_PRODUCTS_DIR; };
		E0D0FF06221D580C00D10BE9 /* PizzaPartyUITests.swift */ = {isa = PBXFileReference; lastKnownFileType = sourcecode.swift; path = PizzaPartyUITests.swift; sourceTree = "<group>"; };
		E0D0FF08221D580C00D10BE9 /* Info.plist */ = {isa = PBXFileReference; lastKnownFileType = text.plist.xml; path = Info.plist; sourceTree = "<group>"; };
		E0D0FF17221D614700D10BE9 /* ClosestPizzeriaVC.swift */ = {isa = PBXFileReference; lastKnownFileType = sourcecode.swift; path = ClosestPizzeriaVC.swift; sourceTree = "<group>"; };
		E0D0FF19221D666A00D10BE9 /* Restaurant.swift */ = {isa = PBXFileReference; lastKnownFileType = sourcecode.swift; path = Restaurant.swift; sourceTree = "<group>"; };
		E0D0FF1D221D66B900D10BE9 /* FetchData.swift */ = {isa = PBXFileReference; lastKnownFileType = sourcecode.swift; path = FetchData.swift; sourceTree = "<group>"; };
		E0D0FF1F221D671400D10BE9 /* JsonParsing.swift */ = {isa = PBXFileReference; lastKnownFileType = sourcecode.swift; path = JsonParsing.swift; sourceTree = "<group>"; };
		E0D0FF21221D675000D10BE9 /* ListOfRestaurants.swift */ = {isa = PBXFileReference; lastKnownFileType = sourcecode.swift; path = ListOfRestaurants.swift; sourceTree = "<group>"; };
		E0D0FF25221D850200D10BE9 /* MenuItem.swift */ = {isa = PBXFileReference; lastKnownFileType = sourcecode.swift; path = MenuItem.swift; sourceTree = "<group>"; };
		E0D0FF2D221D9A7200D10BE9 /* Constants.swift */ = {isa = PBXFileReference; lastKnownFileType = sourcecode.swift; path = Constants.swift; sourceTree = "<group>"; };
		E0D0FF31221DAC6B00D10BE9 /* PizzeriaCell.swift */ = {isa = PBXFileReference; lastKnownFileType = sourcecode.swift; path = PizzeriaCell.swift; sourceTree = "<group>"; };
		E0D19A512223ECDB00E34F30 /* MenuList.swift */ = {isa = PBXFileReference; lastKnownFileType = sourcecode.swift; path = MenuList.swift; sourceTree = "<group>"; };
		E0D19A532223F82700E34F30 /* PizzaCell.swift */ = {isa = PBXFileReference; lastKnownFileType = sourcecode.swift; path = PizzaCell.swift; sourceTree = "<group>"; };
		E0D19A542223F82700E34F30 /* PizzaCell.xib */ = {isa = PBXFileReference; lastKnownFileType = file.xib; path = PizzaCell.xib; sourceTree = "<group>"; };
		E0D19A572223F86500E34F30 /* MenuItemCell.swift */ = {isa = PBXFileReference; lastKnownFileType = sourcecode.swift; path = MenuItemCell.swift; sourceTree = "<group>"; };
		E0D19A582223F86500E34F30 /* MenuItemCell.xib */ = {isa = PBXFileReference; lastKnownFileType = file.xib; path = MenuItemCell.xib; sourceTree = "<group>"; };
		E0D19A5B2223F8C900E34F30 /* OrderVC.swift */ = {isa = PBXFileReference; lastKnownFileType = sourcecode.swift; path = OrderVC.swift; sourceTree = "<group>"; };
		FB6A7222DF5DA679B06D75A8 /* Pods-PizzaPartyUITests.debug.xcconfig */ = {isa = PBXFileReference; includeInIndex = 1; lastKnownFileType = text.xcconfig; name = "Pods-PizzaPartyUITests.debug.xcconfig"; path = "Pods/Target Support Files/Pods-PizzaPartyUITests/Pods-PizzaPartyUITests.debug.xcconfig"; sourceTree = "<group>"; };
/* End PBXFileReference section */

/* Begin PBXFrameworksBuildPhase section */
		E0D0FEE0221D580B00D10BE9 /* Frameworks */ = {
			isa = PBXFrameworksBuildPhase;
			buildActionMask = 2147483647;
			files = (
				8DCF147804DD8D0ECEB4B573 /* Pods_PizzaParty.framework in Frameworks */,
			);
			runOnlyForDeploymentPostprocessing = 0;
		};
		E0D0FEF4221D580C00D10BE9 /* Frameworks */ = {
			isa = PBXFrameworksBuildPhase;
			buildActionMask = 2147483647;
			files = (
				CE62210415BFDD9D0A8236EB /* Pods_PizzaPartyTests.framework in Frameworks */,
			);
			runOnlyForDeploymentPostprocessing = 0;
		};
		E0D0FEFF221D580C00D10BE9 /* Frameworks */ = {
			isa = PBXFrameworksBuildPhase;
			buildActionMask = 2147483647;
			files = (
				49F44E8768C8C4D1C26E5CAC /* Pods_PizzaPartyUITests.framework in Frameworks */,
			);
			runOnlyForDeploymentPostprocessing = 0;
		};
/* End PBXFrameworksBuildPhase section */

/* Begin PBXGroup section */
		B11DD05D2BB70BF30C5192C6 /* Pods */ = {
			isa = PBXGroup;
			children = (
				943E74F23ECBC9577AFB3F58 /* Pods-PizzaParty.debug.xcconfig */,
				00D5AB9844068C022DC4FA64 /* Pods-PizzaParty.release.xcconfig */,
				07343CFC9BC34B0A0384E29F /* Pods-PizzaPartyTests.debug.xcconfig */,
				59FC11039149B182B97D2ABA /* Pods-PizzaPartyTests.release.xcconfig */,
				FB6A7222DF5DA679B06D75A8 /* Pods-PizzaPartyUITests.debug.xcconfig */,
				873AD317503EDA3C16DB758C /* Pods-PizzaPartyUITests.release.xcconfig */,
			);
			name = Pods;
			sourceTree = "<group>";
		};
		CD4F9EC8F051352133C2F989 /* Frameworks */ = {
			isa = PBXGroup;
			children = (
				CD08AB9ECD4957E3A882F817 /* Pods_PizzaParty.framework */,
				107F08A869BEB12E0E654731 /* Pods_PizzaPartyTests.framework */,
				AF2DC8C805D27CA9E4B2687D /* Pods_PizzaPartyUITests.framework */,
			);
			name = Frameworks;
			sourceTree = "<group>";
		};
		E0D0FEDA221D580B00D10BE9 = {
			isa = PBXGroup;
			children = (
				E0D0FEE5221D580B00D10BE9 /* PizzaParty */,
				E0D0FEFA221D580C00D10BE9 /* PizzaPartyTests */,
				E0D0FF05221D580C00D10BE9 /* PizzaPartyUITests */,
				E0D0FEE4221D580B00D10BE9 /* Products */,
				B11DD05D2BB70BF30C5192C6 /* Pods */,
				CD4F9EC8F051352133C2F989 /* Frameworks */,
			);
			sourceTree = "<group>";
		};
		E0D0FEE4221D580B00D10BE9 /* Products */ = {
			isa = PBXGroup;
			children = (
				E0D0FEE3221D580B00D10BE9 /* PizzaParty.app */,
				E0D0FEF7221D580C00D10BE9 /* PizzaPartyTests.xctest */,
				E0D0FF02221D580C00D10BE9 /* PizzaPartyUITests.xctest */,
			);
			name = Products;
			sourceTree = "<group>";
		};
		E0D0FEE5221D580B00D10BE9 /* PizzaParty */ = {
			isa = PBXGroup;
			children = (
				E0D0FF16221D5D8D00D10BE9 /* Model */,
				E0D0FF15221D5D8100D10BE9 /* View */,
				E0D0FF14221D599D00D10BE9 /* Controller */,
				E0D0FEED221D580B00D10BE9 /* Assets.xcassets */,
				E0D0FEF2221D580B00D10BE9 /* Info.plist */,
			);
			path = PizzaParty;
			sourceTree = "<group>";
		};
		E0D0FEFA221D580C00D10BE9 /* PizzaPartyTests */ = {
			isa = PBXGroup;
			children = (
				E0D0FEFB221D580C00D10BE9 /* PizzaPartyTests.swift */,
				E0D0FEFD221D580C00D10BE9 /* Info.plist */,
			);
			path = PizzaPartyTests;
			sourceTree = "<group>";
		};
		E0D0FF05221D580C00D10BE9 /* PizzaPartyUITests */ = {
			isa = PBXGroup;
			children = (
				E0D0FF06221D580C00D10BE9 /* PizzaPartyUITests.swift */,
				E0D0FF08221D580C00D10BE9 /* Info.plist */,
			);
			path = PizzaPartyUITests;
			sourceTree = "<group>";
		};
		E0D0FF14221D599D00D10BE9 /* Controller */ = {
			isa = PBXGroup;
			children = (
				E0D0FEE6221D580B00D10BE9 /* AppDelegate.swift */,
				E0D0FF17221D614700D10BE9 /* ClosestPizzeriaVC.swift */,
				E0D19A5B2223F8C900E34F30 /* OrderVC.swift */,
				E077058622244CFF00E4E62A /* MenuTableViewController.swift */,
			);
			path = Controller;
			sourceTree = "<group>";
		};
		E0D0FF15221D5D8100D10BE9 /* View */ = {
			isa = PBXGroup;
			children = (
				E0D0FEEA221D580B00D10BE9 /* Main.storyboard */,
				E0D0FEEF221D580B00D10BE9 /* LaunchScreen.storyboard */,
				E0D0FF31221DAC6B00D10BE9 /* PizzeriaCell.swift */,
				E0D19A532223F82700E34F30 /* PizzaCell.swift */,
				E0D19A542223F82700E34F30 /* PizzaCell.xib */,
				E0D19A572223F86500E34F30 /* MenuItemCell.swift */,
				E0D19A582223F86500E34F30 /* MenuItemCell.xib */,
				E077058C222554F900E4E62A /* StatusVC.swift */,
			);
			path = View;
			sourceTree = "<group>";
		};
		E0D0FF16221D5D8D00D10BE9 /* Model */ = {
			isa = PBXGroup;
			children = (
				E0D0FF1D221D66B900D10BE9 /* FetchData.swift */,
				E0D0FF1F221D671400D10BE9 /* JsonParsing.swift */,
				E0D0FF19221D666A00D10BE9 /* Restaurant.swift */,
				E0D0FF25221D850200D10BE9 /* MenuItem.swift */,
				E077058422242DA700E4E62A /* Cart.swift */,
				E077058A2225487F00E4E62A /* OrderStatus.swift */,
				E077058822252F0C00E4E62A /* OrderedItem.swift */,
				E0D19A512223ECDB00E34F30 /* MenuList.swift */,
				E0D0FF21221D675000D10BE9 /* ListOfRestaurants.swift */,
				E0D0FF2D221D9A7200D10BE9 /* Constants.swift */,
			);
			path = Model;
			sourceTree = "<group>";
		};
/* End PBXGroup section */

/* Begin PBXNativeTarget section */
		E0D0FEE2221D580B00D10BE9 /* PizzaParty */ = {
			isa = PBXNativeTarget;
			buildConfigurationList = E0D0FF0B221D580C00D10BE9 /* Build configuration list for PBXNativeTarget "PizzaParty" */;
			buildPhases = (
				82CB7F41900CC407FEFB8E45 /* [CP] Check Pods Manifest.lock */,
				E0D0FEDF221D580B00D10BE9 /* Sources */,
				E0D0FEE0221D580B00D10BE9 /* Frameworks */,
				E0D0FEE1221D580B00D10BE9 /* Resources */,
				F60ED533C041DEC15DF0F4C7 /* [CP] Embed Pods Frameworks */,
			);
			buildRules = (
			);
			dependencies = (
			);
			name = PizzaParty;
			productName = PizzaParty;
			productReference = E0D0FEE3221D580B00D10BE9 /* PizzaParty.app */;
			productType = "com.apple.product-type.application";
		};
		E0D0FEF6221D580C00D10BE9 /* PizzaPartyTests */ = {
			isa = PBXNativeTarget;
			buildConfigurationList = E0D0FF0E221D580C00D10BE9 /* Build configuration list for PBXNativeTarget "PizzaPartyTests" */;
			buildPhases = (
				4DEA176DC45BC0E562E5DEB4 /* [CP] Check Pods Manifest.lock */,
				E0D0FEF3221D580C00D10BE9 /* Sources */,
				E0D0FEF4221D580C00D10BE9 /* Frameworks */,
				E0D0FEF5221D580C00D10BE9 /* Resources */,
			);
			buildRules = (
			);
			dependencies = (
				E0D0FEF9221D580C00D10BE9 /* PBXTargetDependency */,
			);
			name = PizzaPartyTests;
			productName = PizzaPartyTests;
			productReference = E0D0FEF7221D580C00D10BE9 /* PizzaPartyTests.xctest */;
			productType = "com.apple.product-type.bundle.unit-test";
		};
		E0D0FF01221D580C00D10BE9 /* PizzaPartyUITests */ = {
			isa = PBXNativeTarget;
			buildConfigurationList = E0D0FF11221D580C00D10BE9 /* Build configuration list for PBXNativeTarget "PizzaPartyUITests" */;
			buildPhases = (
				8AD8F6739F5F846BE11E86D1 /* [CP] Check Pods Manifest.lock */,
				E0D0FEFE221D580C00D10BE9 /* Sources */,
				E0D0FEFF221D580C00D10BE9 /* Frameworks */,
				E0D0FF00221D580C00D10BE9 /* Resources */,
			);
			buildRules = (
			);
			dependencies = (
				E0D0FF04221D580C00D10BE9 /* PBXTargetDependency */,
			);
			name = PizzaPartyUITests;
			productName = PizzaPartyUITests;
			productReference = E0D0FF02221D580C00D10BE9 /* PizzaPartyUITests.xctest */;
			productType = "com.apple.product-type.bundle.ui-testing";
		};
/* End PBXNativeTarget section */

/* Begin PBXProject section */
		E0D0FEDB221D580B00D10BE9 /* Project object */ = {
			isa = PBXProject;
			attributes = {
				LastSwiftUpdateCheck = 1010;
				LastUpgradeCheck = 1010;
				ORGANIZATIONNAME = "Erik Hede";
				TargetAttributes = {
					E0D0FEE2221D580B00D10BE9 = {
						CreatedOnToolsVersion = 10.1;
					};
					E0D0FEF6221D580C00D10BE9 = {
						CreatedOnToolsVersion = 10.1;
						TestTargetID = E0D0FEE2221D580B00D10BE9;
					};
					E0D0FF01221D580C00D10BE9 = {
						CreatedOnToolsVersion = 10.1;
						TestTargetID = E0D0FEE2221D580B00D10BE9;
					};
				};
			};
			buildConfigurationList = E0D0FEDE221D580B00D10BE9 /* Build configuration list for PBXProject "PizzaParty" */;
			compatibilityVersion = "Xcode 9.3";
			developmentRegion = en;
			hasScannedForEncodings = 0;
			knownRegions = (
				en,
				Base,
			);
			mainGroup = E0D0FEDA221D580B00D10BE9;
			productRefGroup = E0D0FEE4221D580B00D10BE9 /* Products */;
			projectDirPath = "";
			projectRoot = "";
			targets = (
				E0D0FEE2221D580B00D10BE9 /* PizzaParty */,
				E0D0FEF6221D580C00D10BE9 /* PizzaPartyTests */,
				E0D0FF01221D580C00D10BE9 /* PizzaPartyUITests */,
			);
		};
/* End PBXProject section */

/* Begin PBXResourcesBuildPhase section */
		E0D0FEE1221D580B00D10BE9 /* Resources */ = {
			isa = PBXResourcesBuildPhase;
			buildActionMask = 2147483647;
			files = (
				E0D19A562223F82700E34F30 /* PizzaCell.xib in Resources */,
				E0D19A5A2223F86500E34F30 /* MenuItemCell.xib in Resources */,
				E0D0FEF1221D580B00D10BE9 /* LaunchScreen.storyboard in Resources */,
				E0D0FEEE221D580B00D10BE9 /* Assets.xcassets in Resources */,
				E0D0FEEC221D580B00D10BE9 /* Main.storyboard in Resources */,
			);
			runOnlyForDeploymentPostprocessing = 0;
		};
		E0D0FEF5221D580C00D10BE9 /* Resources */ = {
			isa = PBXResourcesBuildPhase;
			buildActionMask = 2147483647;
			files = (
			);
			runOnlyForDeploymentPostprocessing = 0;
		};
		E0D0FF00221D580C00D10BE9 /* Resources */ = {
			isa = PBXResourcesBuildPhase;
			buildActionMask = 2147483647;
			files = (
			);
			runOnlyForDeploymentPostprocessing = 0;
		};
/* End PBXResourcesBuildPhase section */

/* Begin PBXShellScriptBuildPhase section */
		4DEA176DC45BC0E562E5DEB4 /* [CP] Check Pods Manifest.lock */ = {
			isa = PBXShellScriptBuildPhase;
			buildActionMask = 2147483647;
			files = (
			);
			inputFileListPaths = (
			);
			inputPaths = (
				"${PODS_PODFILE_DIR_PATH}/Podfile.lock",
				"${PODS_ROOT}/Manifest.lock",
			);
			name = "[CP] Check Pods Manifest.lock";
			outputFileListPaths = (
			);
			outputPaths = (
				"$(DERIVED_FILE_DIR)/Pods-PizzaPartyTests-checkManifestLockResult.txt",
			);
			runOnlyForDeploymentPostprocessing = 0;
			shellPath = /bin/sh;
			shellScript = "diff \"${PODS_PODFILE_DIR_PATH}/Podfile.lock\" \"${PODS_ROOT}/Manifest.lock\" > /dev/null\nif [ $? != 0 ] ; then\n    # print error to STDERR\n    echo \"error: The sandbox is not in sync with the Podfile.lock. Run 'pod install' or update your CocoaPods installation.\" >&2\n    exit 1\nfi\n# This output is used by Xcode 'outputs' to avoid re-running this script phase.\necho \"SUCCESS\" > \"${SCRIPT_OUTPUT_FILE_0}\"\n";
			showEnvVarsInLog = 0;
		};
		82CB7F41900CC407FEFB8E45 /* [CP] Check Pods Manifest.lock */ = {
			isa = PBXShellScriptBuildPhase;
			buildActionMask = 2147483647;
			files = (
			);
			inputFileListPaths = (
			);
			inputPaths = (
				"${PODS_PODFILE_DIR_PATH}/Podfile.lock",
				"${PODS_ROOT}/Manifest.lock",
			);
			name = "[CP] Check Pods Manifest.lock";
			outputFileListPaths = (
			);
			outputPaths = (
				"$(DERIVED_FILE_DIR)/Pods-PizzaParty-checkManifestLockResult.txt",
			);
			runOnlyForDeploymentPostprocessing = 0;
			shellPath = /bin/sh;
			shellScript = "diff \"${PODS_PODFILE_DIR_PATH}/Podfile.lock\" \"${PODS_ROOT}/Manifest.lock\" > /dev/null\nif [ $? != 0 ] ; then\n    # print error to STDERR\n    echo \"error: The sandbox is not in sync with the Podfile.lock. Run 'pod install' or update your CocoaPods installation.\" >&2\n    exit 1\nfi\n# This output is used by Xcode 'outputs' to avoid re-running this script phase.\necho \"SUCCESS\" > \"${SCRIPT_OUTPUT_FILE_0}\"\n";
			showEnvVarsInLog = 0;
		};
		8AD8F6739F5F846BE11E86D1 /* [CP] Check Pods Manifest.lock */ = {
			isa = PBXShellScriptBuildPhase;
			buildActionMask = 2147483647;
			files = (
			);
			inputFileListPaths = (
			);
			inputPaths = (
				"${PODS_PODFILE_DIR_PATH}/Podfile.lock",
				"${PODS_ROOT}/Manifest.lock",
			);
			name = "[CP] Check Pods Manifest.lock";
			outputFileListPaths = (
			);
			outputPaths = (
				"$(DERIVED_FILE_DIR)/Pods-PizzaPartyUITests-checkManifestLockResult.txt",
			);
			runOnlyForDeploymentPostprocessing = 0;
			shellPath = /bin/sh;
			shellScript = "diff \"${PODS_PODFILE_DIR_PATH}/Podfile.lock\" \"${PODS_ROOT}/Manifest.lock\" > /dev/null\nif [ $? != 0 ] ; then\n    # print error to STDERR\n    echo \"error: The sandbox is not in sync with the Podfile.lock. Run 'pod install' or update your CocoaPods installation.\" >&2\n    exit 1\nfi\n# This output is used by Xcode 'outputs' to avoid re-running this script phase.\necho \"SUCCESS\" > \"${SCRIPT_OUTPUT_FILE_0}\"\n";
			showEnvVarsInLog = 0;
		};
		F60ED533C041DEC15DF0F4C7 /* [CP] Embed Pods Frameworks */ = {
			isa = PBXShellScriptBuildPhase;
			buildActionMask = 2147483647;
			files = (
			);
			inputFileListPaths = (
			);
			inputPaths = (
				"${SRCROOT}/Pods/Target Support Files/Pods-PizzaParty/Pods-PizzaParty-frameworks.sh",
				"${BUILT_PRODUCTS_DIR}/Alamofire/Alamofire.framework",
				"${BUILT_PRODUCTS_DIR}/SVProgressHUD/SVProgressHUD.framework",
				"${BUILT_PRODUCTS_DIR}/SwiftyJSON/SwiftyJSON.framework",
			);
			name = "[CP] Embed Pods Frameworks";
			outputFileListPaths = (
			);
			outputPaths = (
				"${TARGET_BUILD_DIR}/${FRAMEWORKS_FOLDER_PATH}/Alamofire.framework",
				"${TARGET_BUILD_DIR}/${FRAMEWORKS_FOLDER_PATH}/SVProgressHUD.framework",
				"${TARGET_BUILD_DIR}/${FRAMEWORKS_FOLDER_PATH}/SwiftyJSON.framework",
			);
			runOnlyForDeploymentPostprocessing = 0;
			shellPath = /bin/sh;
			shellScript = "\"${SRCROOT}/Pods/Target Support Files/Pods-PizzaParty/Pods-PizzaParty-frameworks.sh\"\n";
			showEnvVarsInLog = 0;
		};
/* End PBXShellScriptBuildPhase section */

/* Begin PBXSourcesBuildPhase section */
		E0D0FEDF221D580B00D10BE9 /* Sources */ = {
			isa = PBXSourcesBuildPhase;
			buildActionMask = 2147483647;
			files = (
				E077058922252F0C00E4E62A /* OrderedItem.swift in Sources */,
				E0D0FF26221D850200D10BE9 /* MenuItem.swift in Sources */,
				E0D0FF20221D671400D10BE9 /* JsonParsing.swift in Sources */,
				E077058722244CFF00E4E62A /* MenuTableViewController.swift in Sources */,
				E0D0FF18221D614700D10BE9 /* ClosestPizzeriaVC.swift in Sources */,
				E0D0FEE7221D580B00D10BE9 /* AppDelegate.swift in Sources */,
				E0D19A5C2223F8C900E34F30 /* OrderVC.swift in Sources */,
				E0D19A552223F82700E34F30 /* PizzaCell.swift in Sources */,
				E0D0FF1E221D66B900D10BE9 /* FetchData.swift in Sources */,
				E077058522242DA700E4E62A /* Cart.swift in Sources */,
				E077058D222554F900E4E62A /* StatusVC.swift in Sources */,
				E0D0FF32221DAC6B00D10BE9 /* PizzeriaCell.swift in Sources */,
				E0D0FF22221D675000D10BE9 /* ListOfRestaurants.swift in Sources */,
				E077058B2225487F00E4E62A /* OrderStatus.swift in Sources */,
				E0D0FF1A221D666A00D10BE9 /* Restaurant.swift in Sources */,
				E0D19A592223F86500E34F30 /* MenuItemCell.swift in Sources */,
				E0D19A522223ECDB00E34F30 /* MenuList.swift in Sources */,
				E0D0FF2E221D9A7200D10BE9 /* Constants.swift in Sources */,
			);
			runOnlyForDeploymentPostprocessing = 0;
		};
		E0D0FEF3221D580C00D10BE9 /* Sources */ = {
			isa = PBXSourcesBuildPhase;
			buildActionMask = 2147483647;
			files = (
				E0D0FEFC221D580C00D10BE9 /* PizzaPartyTests.swift in Sources */,
			);
			runOnlyForDeploymentPostprocessing = 0;
		};
		E0D0FEFE221D580C00D10BE9 /* Sources */ = {
			isa = PBXSourcesBuildPhase;
			buildActionMask = 2147483647;
			files = (
				E0D0FF07221D580C00D10BE9 /* PizzaPartyUITests.swift in Sources */,
			);
			runOnlyForDeploymentPostprocessing = 0;
		};
/* End PBXSourcesBuildPhase section */

/* Begin PBXTargetDependency section */
		E0D0FEF9221D580C00D10BE9 /* PBXTargetDependency */ = {
			isa = PBXTargetDependency;
			target = E0D0FEE2221D580B00D10BE9 /* PizzaParty */;
			targetProxy = E0D0FEF8221D580C00D10BE9 /* PBXContainerItemProxy */;
		};
		E0D0FF04221D580C00D10BE9 /* PBXTargetDependency */ = {
			isa = PBXTargetDependency;
			target = E0D0FEE2221D580B00D10BE9 /* PizzaParty */;
			targetProxy = E0D0FF03221D580C00D10BE9 /* PBXContainerItemProxy */;
		};
/* End PBXTargetDependency section */

/* Begin PBXVariantGroup section */
		E0D0FEEA221D580B00D10BE9 /* Main.storyboard */ = {
			isa = PBXVariantGroup;
			children = (
				E0D0FEEB221D580B00D10BE9 /* Base */,
			);
			name = Main.storyboard;
			sourceTree = "<group>";
		};
		E0D0FEEF221D580B00D10BE9 /* LaunchScreen.storyboard */ = {
			isa = PBXVariantGroup;
			children = (
				E0D0FEF0221D580B00D10BE9 /* Base */,
			);
			name = LaunchScreen.storyboard;
			sourceTree = "<group>";
		};
/* End PBXVariantGroup section */

/* Begin XCBuildConfiguration section */
		E0D0FF09221D580C00D10BE9 /* Debug */ = {
			isa = XCBuildConfiguration;
			buildSettings = {
				ALWAYS_SEARCH_USER_PATHS = NO;
				CLANG_ANALYZER_NONNULL = YES;
				CLANG_ANALYZER_NUMBER_OBJECT_CONVERSION = YES_AGGRESSIVE;
				CLANG_CXX_LANGUAGE_STANDARD = "gnu++14";
				CLANG_CXX_LIBRARY = "libc++";
				CLANG_ENABLE_MODULES = YES;
				CLANG_ENABLE_OBJC_ARC = YES;
				CLANG_ENABLE_OBJC_WEAK = YES;
				CLANG_WARN_BLOCK_CAPTURE_AUTORELEASING = YES;
				CLANG_WARN_BOOL_CONVERSION = YES;
				CLANG_WARN_COMMA = YES;
				CLANG_WARN_CONSTANT_CONVERSION = YES;
				CLANG_WARN_DEPRECATED_OBJC_IMPLEMENTATIONS = YES;
				CLANG_WARN_DIRECT_OBJC_ISA_USAGE = YES_ERROR;
				CLANG_WARN_DOCUMENTATION_COMMENTS = YES;
				CLANG_WARN_EMPTY_BODY = YES;
				CLANG_WARN_ENUM_CONVERSION = YES;
				CLANG_WARN_INFINITE_RECURSION = YES;
				CLANG_WARN_INT_CONVERSION = YES;
				CLANG_WARN_NON_LITERAL_NULL_CONVERSION = YES;
				CLANG_WARN_OBJC_IMPLICIT_RETAIN_SELF = YES;
				CLANG_WARN_OBJC_LITERAL_CONVERSION = YES;
				CLANG_WARN_OBJC_ROOT_CLASS = YES_ERROR;
				CLANG_WARN_RANGE_LOOP_ANALYSIS = YES;
				CLANG_WARN_STRICT_PROTOTYPES = YES;
				CLANG_WARN_SUSPICIOUS_MOVE = YES;
				CLANG_WARN_UNGUARDED_AVAILABILITY = YES_AGGRESSIVE;
				CLANG_WARN_UNREACHABLE_CODE = YES;
				CLANG_WARN__DUPLICATE_METHOD_MATCH = YES;
				CODE_SIGN_IDENTITY = "iPhone Developer";
				COPY_PHASE_STRIP = NO;
				DEBUG_INFORMATION_FORMAT = dwarf;
				ENABLE_STRICT_OBJC_MSGSEND = YES;
				ENABLE_TESTABILITY = YES;
				GCC_C_LANGUAGE_STANDARD = gnu11;
				GCC_DYNAMIC_NO_PIC = NO;
				GCC_NO_COMMON_BLOCKS = YES;
				GCC_OPTIMIZATION_LEVEL = 0;
				GCC_PREPROCESSOR_DEFINITIONS = (
					"DEBUG=1",
					"$(inherited)",
				);
				GCC_WARN_64_TO_32_BIT_CONVERSION = YES;
				GCC_WARN_ABOUT_RETURN_TYPE = YES_ERROR;
				GCC_WARN_UNDECLARED_SELECTOR = YES;
				GCC_WARN_UNINITIALIZED_AUTOS = YES_AGGRESSIVE;
				GCC_WARN_UNUSED_FUNCTION = YES;
				GCC_WARN_UNUSED_VARIABLE = YES;
				IPHONEOS_DEPLOYMENT_TARGET = 12.1;
				MTL_ENABLE_DEBUG_INFO = INCLUDE_SOURCE;
				MTL_FAST_MATH = YES;
				ONLY_ACTIVE_ARCH = YES;
				SDKROOT = iphoneos;
				SWIFT_ACTIVE_COMPILATION_CONDITIONS = DEBUG;
				SWIFT_OPTIMIZATION_LEVEL = "-Onone";
			};
			name = Debug;
		};
		E0D0FF0A221D580C00D10BE9 /* Release */ = {
			isa = XCBuildConfiguration;
			buildSettings = {
				ALWAYS_SEARCH_USER_PATHS = NO;
				CLANG_ANALYZER_NONNULL = YES;
				CLANG_ANALYZER_NUMBER_OBJECT_CONVERSION = YES_AGGRESSIVE;
				CLANG_CXX_LANGUAGE_STANDARD = "gnu++14";
				CLANG_CXX_LIBRARY = "libc++";
				CLANG_ENABLE_MODULES = YES;
				CLANG_ENABLE_OBJC_ARC = YES;
				CLANG_ENABLE_OBJC_WEAK = YES;
				CLANG_WARN_BLOCK_CAPTURE_AUTORELEASING = YES;
				CLANG_WARN_BOOL_CONVERSION = YES;
				CLANG_WARN_COMMA = YES;
				CLANG_WARN_CONSTANT_CONVERSION = YES;
				CLANG_WARN_DEPRECATED_OBJC_IMPLEMENTATIONS = YES;
				CLANG_WARN_DIRECT_OBJC_ISA_USAGE = YES_ERROR;
				CLANG_WARN_DOCUMENTATION_COMMENTS = YES;
				CLANG_WARN_EMPTY_BODY = YES;
				CLANG_WARN_ENUM_CONVERSION = YES;
				CLANG_WARN_INFINITE_RECURSION = YES;
				CLANG_WARN_INT_CONVERSION = YES;
				CLANG_WARN_NON_LITERAL_NULL_CONVERSION = YES;
				CLANG_WARN_OBJC_IMPLICIT_RETAIN_SELF = YES;
				CLANG_WARN_OBJC_LITERAL_CONVERSION = YES;
				CLANG_WARN_OBJC_ROOT_CLASS = YES_ERROR;
				CLANG_WARN_RANGE_LOOP_ANALYSIS = YES;
				CLANG_WARN_STRICT_PROTOTYPES = YES;
				CLANG_WARN_SUSPICIOUS_MOVE = YES;
				CLANG_WARN_UNGUARDED_AVAILABILITY = YES_AGGRESSIVE;
				CLANG_WARN_UNREACHABLE_CODE = YES;
				CLANG_WARN__DUPLICATE_METHOD_MATCH = YES;
				CODE_SIGN_IDENTITY = "iPhone Developer";
				COPY_PHASE_STRIP = NO;
				DEBUG_INFORMATION_FORMAT = "dwarf-with-dsym";
				ENABLE_NS_ASSERTIONS = NO;
				ENABLE_STRICT_OBJC_MSGSEND = YES;
				GCC_C_LANGUAGE_STANDARD = gnu11;
				GCC_NO_COMMON_BLOCKS = YES;
				GCC_WARN_64_TO_32_BIT_CONVERSION = YES;
				GCC_WARN_ABOUT_RETURN_TYPE = YES_ERROR;
				GCC_WARN_UNDECLARED_SELECTOR = YES;
				GCC_WARN_UNINITIALIZED_AUTOS = YES_AGGRESSIVE;
				GCC_WARN_UNUSED_FUNCTION = YES;
				GCC_WARN_UNUSED_VARIABLE = YES;
				IPHONEOS_DEPLOYMENT_TARGET = 12.1;
				MTL_ENABLE_DEBUG_INFO = NO;
				MTL_FAST_MATH = YES;
				SDKROOT = iphoneos;
				SWIFT_COMPILATION_MODE = wholemodule;
				SWIFT_OPTIMIZATION_LEVEL = "-O";
				VALIDATE_PRODUCT = YES;
			};
			name = Release;
		};
		E0D0FF0C221D580C00D10BE9 /* Debug */ = {
			isa = XCBuildConfiguration;
			baseConfigurationReference = 943E74F23ECBC9577AFB3F58 /* Pods-PizzaParty.debug.xcconfig */;
			buildSettings = {
				ASSETCATALOG_COMPILER_APPICON_NAME = AppIcon;
				CODE_SIGN_STYLE = Automatic;
				DEVELOPMENT_TEAM = XJTZD7F823;
				INFOPLIST_FILE = PizzaParty/Info.plist;
				LD_RUNPATH_SEARCH_PATHS = (
					"$(inherited)",
					"@executable_path/Frameworks",
				);
				PRODUCT_BUNDLE_IDENTIFIER = com.erikhede.PizzaParty;
				PRODUCT_NAME = "$(TARGET_NAME)";
				SWIFT_VERSION = 4.2;
				TARGETED_DEVICE_FAMILY = "1,2";
			};
			name = Debug;
		};
		E0D0FF0D221D580C00D10BE9 /* Release */ = {
			isa = XCBuildConfiguration;
			baseConfigurationReference = 00D5AB9844068C022DC4FA64 /* Pods-PizzaParty.release.xcconfig */;
			buildSettings = {
				ASSETCATALOG_COMPILER_APPICON_NAME = AppIcon;
				CODE_SIGN_STYLE = Automatic;
				DEVELOPMENT_TEAM = XJTZD7F823;
				INFOPLIST_FILE = PizzaParty/Info.plist;
				LD_RUNPATH_SEARCH_PATHS = (
					"$(inherited)",
					"@executable_path/Frameworks",
				);
				PRODUCT_BUNDLE_IDENTIFIER = com.erikhede.PizzaParty;
				PRODUCT_NAME = "$(TARGET_NAME)";
				SWIFT_VERSION = 4.2;
				TARGETED_DEVICE_FAMILY = "1,2";
			};
			name = Release;
		};
		E0D0FF0F221D580C00D10BE9 /* Debug */ = {
			isa = XCBuildConfiguration;
			baseConfigurationReference = 07343CFC9BC34B0A0384E29F /* Pods-PizzaPartyTests.debug.xcconfig */;
			buildSettings = {
				ALWAYS_EMBED_SWIFT_STANDARD_LIBRARIES = YES;
				BUNDLE_LOADER = "$(TEST_HOST)";
				CODE_SIGN_STYLE = Automatic;
				DEVELOPMENT_TEAM = XJTZD7F823;
				INFOPLIST_FILE = PizzaPartyTests/Info.plist;
				LD_RUNPATH_SEARCH_PATHS = (
					"$(inherited)",
					"@executable_path/Frameworks",
					"@loader_path/Frameworks",
				);
				PRODUCT_BUNDLE_IDENTIFIER = com.erikhede.PizzaPartyTests;
				PRODUCT_NAME = "$(TARGET_NAME)";
				SWIFT_VERSION = 4.2;
				TARGETED_DEVICE_FAMILY = "1,2";
				TEST_HOST = "$(BUILT_PRODUCTS_DIR)/PizzaParty.app/PizzaParty";
			};
			name = Debug;
		};
		E0D0FF10221D580C00D10BE9 /* Release */ = {
			isa = XCBuildConfiguration;
			baseConfigurationReference = 59FC11039149B182B97D2ABA /* Pods-PizzaPartyTests.release.xcconfig */;
			buildSettings = {
				ALWAYS_EMBED_SWIFT_STANDARD_LIBRARIES = YES;
				BUNDLE_LOADER = "$(TEST_HOST)";
				CODE_SIGN_STYLE = Automatic;
				DEVELOPMENT_TEAM = XJTZD7F823;
				INFOPLIST_FILE = PizzaPartyTests/Info.plist;
				LD_RUNPATH_SEARCH_PATHS = (
					"$(inherited)",
					"@executable_path/Frameworks",
					"@loader_path/Frameworks",
				);
				PRODUCT_BUNDLE_IDENTIFIER = com.erikhede.PizzaPartyTests;
				PRODUCT_NAME = "$(TARGET_NAME)";
				SWIFT_VERSION = 4.2;
				TARGETED_DEVICE_FAMILY = "1,2";
				TEST_HOST = "$(BUILT_PRODUCTS_DIR)/PizzaParty.app/PizzaParty";
			};
			name = Release;
		};
		E0D0FF12221D580C00D10BE9 /* Debug */ = {
			isa = XCBuildConfiguration;
			baseConfigurationReference = FB6A7222DF5DA679B06D75A8 /* Pods-PizzaPartyUITests.debug.xcconfig */;
			buildSettings = {
				ALWAYS_EMBED_SWIFT_STANDARD_LIBRARIES = YES;
				CODE_SIGN_STYLE = Automatic;
				DEVELOPMENT_TEAM = XJTZD7F823;
				INFOPLIST_FILE = PizzaPartyUITests/Info.plist;
				LD_RUNPATH_SEARCH_PATHS = (
					"$(inherited)",
					"@executable_path/Frameworks",
					"@loader_path/Frameworks",
				);
				PRODUCT_BUNDLE_IDENTIFIER = com.erikhede.PizzaPartyUITests;
				PRODUCT_NAME = "$(TARGET_NAME)";
				SWIFT_VERSION = 4.2;
				TARGETED_DEVICE_FAMILY = "1,2";
				TEST_TARGET_NAME = PizzaParty;
			};
			name = Debug;
		};
		E0D0FF13221D580C00D10BE9 /* Release */ = {
			isa = XCBuildConfiguration;
			baseConfigurationReference = 873AD317503EDA3C16DB758C /* Pods-PizzaPartyUITests.release.xcconfig */;
			buildSettings = {
				ALWAYS_EMBED_SWIFT_STANDARD_LIBRARIES = YES;
				CODE_SIGN_STYLE = Automatic;
				DEVELOPMENT_TEAM = XJTZD7F823;
				INFOPLIST_FILE = PizzaPartyUITests/Info.plist;
				LD_RUNPATH_SEARCH_PATHS = (
					"$(inherited)",
					"@executable_path/Frameworks",
					"@loader_path/Frameworks",
				);
				PRODUCT_BUNDLE_IDENTIFIER = com.erikhede.PizzaPartyUITests;
				PRODUCT_NAME = "$(TARGET_NAME)";
				SWIFT_VERSION = 4.2;
				TARGETED_DEVICE_FAMILY = "1,2";
				TEST_TARGET_NAME = PizzaParty;
			};
			name = Release;
		};
/* End XCBuildConfiguration section */

/* Begin XCConfigurationList section */
		E0D0FEDE221D580B00D10BE9 /* Build configuration list for PBXProject "PizzaParty" */ = {
			isa = XCConfigurationList;
			buildConfigurations = (
				E0D0FF09221D580C00D10BE9 /* Debug */,
				E0D0FF0A221D580C00D10BE9 /* Release */,
			);
			defaultConfigurationIsVisible = 0;
			defaultConfigurationName = Release;
		};
		E0D0FF0B221D580C00D10BE9 /* Build configuration list for PBXNativeTarget "PizzaParty" */ = {
			isa = XCConfigurationList;
			buildConfigurations = (
				E0D0FF0C221D580C00D10BE9 /* Debug */,
				E0D0FF0D221D580C00D10BE9 /* Release */,
			);
			defaultConfigurationIsVisible = 0;
			defaultConfigurationName = Release;
		};
		E0D0FF0E221D580C00D10BE9 /* Build configuration list for PBXNativeTarget "PizzaPartyTests" */ = {
			isa = XCConfigurationList;
			buildConfigurations = (
				E0D0FF0F221D580C00D10BE9 /* Debug */,
				E0D0FF10221D580C00D10BE9 /* Release */,
			);
			defaultConfigurationIsVisible = 0;
			defaultConfigurationName = Release;
		};
		E0D0FF11221D580C00D10BE9 /* Build configuration list for PBXNativeTarget "PizzaPartyUITests" */ = {
			isa = XCConfigurationList;
			buildConfigurations = (
				E0D0FF12221D580C00D10BE9 /* Debug */,
				E0D0FF13221D580C00D10BE9 /* Release */,
			);
			defaultConfigurationIsVisible = 0;
			defaultConfigurationName = Release;
		};
/* End XCConfigurationList section */
	};
	rootObject = E0D0FEDB221D580B00D10BE9 /* Project object */;
}
